
Microsoft Visual Studio Solution File, Format Version 12.00
# Visual Studio Version 16
VisualStudioVersion = 16.0.31321.278
MinimumVisualStudioVersion = 10.0.40219.1
Project("{FAE04EC0-301F-11D3-BF4B-00C04F79EFBC}") = "KeyboardApp", "KeyboardApp.csproj", "{3F082B0F-BF7E-4AC6-9720-DBBD9B402C5D}"
EndProject
Global
	GlobalSection(SolutionConfigurationPlatforms) = preSolution
		Debug|Any CPU = Debug|Any CPU
		Release|Any CPU = Release|Any CPU
	EndGlobalSection
	GlobalSection(ProjectConfigurationPlatforms) = postSolution
		{3F082B0F-BF7E-4AC6-9720-DBBD9B402C5D}.Debug|Any CPU.ActiveCfg = Debug|Any CPU
		{3F082B0F-BF7E-4AC6-9720-DBBD9B402C5D}.Debug|Any CPU.Build.0 = Debug|Any CPU
		{3F082B0F-BF7E-4AC6-9720-DBBD9B402C5D}.Release|Any CPU.ActiveCfg = Release|Any CPU
		{3F082B0F-BF7E-4AC6-9720-DBBD9B402C5D}.Release|Any CPU.Build.0 = Release|Any CPU
	EndGlobalSection
	GlobalSection(SolutionProperties) = preSolution
		HideSolutionNode = FALSE
	EndGlobalSection
	GlobalSection(ExtensibilityGlobals) = postSolution
		SolutionGuid = {30EF8D79-3314-4A8C-B33F-D71D86236DCD}
	EndGlobalSection
EndGlobal
